// !$*UTF8*$!
{
	archiveVersion = 1;
	classes = {
	};
	objectVersion = 46;
	objects = {

/* Begin PBXBuildFile section */
		322C36F21DB84E5F00F1CB6F /* AppDelegate.swift in Sources */ = {isa = PBXBuildFile; fileRef = 322C36F11DB84E5F00F1CB6F /* AppDelegate.swift */; };
		322C36F41DB84E5F00F1CB6F /* ViewController.swift in Sources */ = {isa = PBXBuildFile; fileRef = 322C36F31DB84E5F00F1CB6F /* ViewController.swift */; };
		322C36F71DB84E5F00F1CB6F /* Main.storyboard in Resources */ = {isa = PBXBuildFile; fileRef = 322C36F51DB84E5F00F1CB6F /* Main.storyboard */; };
		322C36F91DB84E5F00F1CB6F /* Assets.xcassets in Resources */ = {isa = PBXBuildFile; fileRef = 322C36F81DB84E5F00F1CB6F /* Assets.xcassets */; };
		322C36FC1DB84E5F00F1CB6F /* LaunchScreen.storyboard in Resources */ = {isa = PBXBuildFile; fileRef = 322C36FA1DB84E5F00F1CB6F /* LaunchScreen.storyboard */; };
		322C37091DB8540000F1CB6F /* TableViewController.swift in Sources */ = {isa = PBXBuildFile; fileRef = 322C37081DB8540000F1CB6F /* TableViewController.swift */; };
		322C370B1DB857B600F1CB6F /* Settings-50@2x.png in Resources */ = {isa = PBXBuildFile; fileRef = 322C370A1DB857B600F1CB6F /* Settings-50@2x.png */; };
/* End PBXBuildFile section */

/* Begin PBXFileReference section */
		322C36EE1DB84E5F00F1CB6F /* StaticCellSample.app */ = {isa = PBXFileReference; explicitFileType = wrapper.application; includeInIndex = 0; path = StaticCellSample.app; sourceTree = BUILT_PRODUCTS_DIR; };
		322C36F11DB84E5F00F1CB6F /* AppDelegate.swift */ = {isa = PBXFileReference; lastKnownFileType = sourcecode.swift; path = AppDelegate.swift; sourceTree = "<group>"; };
		322C36F31DB84E5F00F1CB6F /* ViewController.swift */ = {isa = PBXFileReference; lastKnownFileType = sourcecode.swift; path = ViewController.swift; sourceTree = "<group>"; };
		322C36F61DB84E5F00F1CB6F /* Base */ = {isa = PBXFileReference; lastKnownFileType = file.storyboard; name = Base; path = Base.lproj/Main.storyboard; sourceTree = "<group>"; };
		322C36F81DB84E5F00F1CB6F /* Assets.xcassets */ = {isa = PBXFileReference; lastKnownFileType = folder.assetcatalog; path = Assets.xcassets; sourceTree = "<group>"; };
		322C36FB1DB84E5F00F1CB6F /* Base */ = {isa = PBXFileReference; lastKnownFileType = file.storyboard; name = Base; path = Base.lproj/LaunchScreen.storyboard; sourceTree = "<group>"; };
		322C36FD1DB84E5F00F1CB6F /* Info.plist */ = {isa = PBXFileReference; lastKnownFileType = text.plist.xml; path = Info.plist; sourceTree = "<group>"; };
		322C37081DB8540000F1CB6F /* TableViewController.swift */ = {isa = PBXFileReference; fileEncoding = 4; lastKnownFileType = sourcecode.swift; path = TableViewController.swift; sourceTree = "<group>"; };
		322C370A1DB857B600F1CB6F /* Settings-50@2x.png */ = {isa = PBXFileReference; lastKnownFileType = image.png; path = "Settings-50@2x.png"; sourceTree = "<group>"; };
/* End PBXFileReference section */

/* Begin PBXFrameworksBuildPhase section */
		322C36EB1DB84E5F00F1CB6F /* Frameworks */ = {
			isa = PBXFrameworksBuildPhase;
			buildActionMask = 2147483647;
			files = (
			);
			runOnlyForDeploymentPostprocessing = 0;
		};
/* End PBXFrameworksBuildPhase section */

/* Begin PBXGroup section */
		322C36E51DB84E5F00F1CB6F = {
			isa = PBXGroup;
			children = (
				322C36F01DB84E5F00F1CB6F /* StaticCellSample */,
				322C36EF1DB84E5F00F1CB6F /* Products */,
			);
			sourceTree = "<group>";
		};
		322C36EF1DB84E5F00F1CB6F /* Products */ = {
			isa = PBXGroup;
			children = (
				322C36EE1DB84E5F00F1CB6F /* StaticCellSample.app */,
			);
			name = Products;
			sourceTree = "<group>";
		};
		322C36F01DB84E5F00F1CB6F /* StaticCellSample */ = {
			isa = PBXGroup;
			children = (
				322C370A1DB857B600F1CB6F /* Settings-50@2x.png */,
				322C36F11DB84E5F00F1CB6F /* AppDelegate.swift */,
				322C36F31DB84E5F00F1CB6F /* ViewController.swift */,
				322C37081DB8540000F1CB6F /* TableViewController.swift */,
				322C36F51DB84E5F00F1CB6F /* Main.storyboard */,
				322C36F81DB84E5F00F1CB6F /* Assets.xcassets */,
				322C36FA1DB84E5F00F1CB6F /* LaunchScreen.storyboard */,
				322C36FD1DB84E5F00F1CB6F /* Info.plist */,
			);
			path = StaticCellSample;
			sourceTree = "<group>";
		};
/* End PBXGroup section */

/* Begin PBXNativeTarget section */
		322C36ED1DB84E5F00F1CB6F /* StaticCellSample */ = {
			isa = PBXNativeTarget;
			buildConfigurationList = 322C37001DB84E5F00F1CB6F /* Build configuration list for PBXNativeTarget "StaticCellSample" */;
			buildPhases = (
				322C36EA1DB84E5F00F1CB6F /* Sources */,
				322C36EB1DB84E5F00F1CB6F /* Frameworks */,
				322C36EC1DB84E5F00F1CB6F /* Resources */,
			);
			buildRules = (
			);
			dependencies = (
			);
			name = StaticCellSample;
			productName = StaticCellSample;
			productReference = 322C36EE1DB84E5F00F1CB6F /* StaticCellSample.app */;
			productType = "com.apple.product-type.application";
		};
/* End PBXNativeTarget section */

/* Begin PBXProject section */
		322C36E61DB84E5F00F1CB6F /* Project object */ = {
			isa = PBXProject;
			attributes = {
				LastSwiftUpdateCheck = 0800;
				LastUpgradeCheck = 0800;
				ORGANIZATIONNAME = "T@d";
				TargetAttributes = {
					322C36ED1DB84E5F00F1CB6F = {
						CreatedOnToolsVersion = 8.0;
						DevelopmentTeam = LPMD2DMU36;
						ProvisioningStyle = Automatic;
					};
				};
			};
			buildConfigurationList = 322C36E91DB84E5F00F1CB6F /* Build configuration list for PBXProject "StaticCellSample" */;
			compatibilityVersion = "Xcode 3.2";
			developmentRegion = English;
			hasScannedForEncodings = 0;
			knownRegions = (
				en,
				Base,
			);
			mainGroup = 322C36E51DB84E5F00F1CB6F;
			productRefGroup = 322C36EF1DB84E5F00F1CB6F /* Products */;
			projectDirPath = "";
			projectRoot = "";
			targets = (
				322C36ED1DB84E5F00F1CB6F /* StaticCellSample */,
			);
		};
/* End PBXProject section */

/* Begin PBXResourcesBuildPhase section */
		322C36EC1DB84E5F00F1CB6F /* Resources */ = {
			isa = PBXResourcesBuildPhase;
			buildActionMask = 2147483647;
			files = (
				322C36FC1DB84E5F00F1CB6F /* LaunchScreen.storyboard in Resources */,
				322C36F91DB84E5F00F1CB6F /* Assets.xcassets in Resources */,
				322C370B1DB857B600F1CB6F /* Settings-50@2x.png in Resources */,
				322C36F71DB84E5F00F1CB6F /* Main.storyboard in Resources */,
			);
			runOnlyForDeploymentPostprocessing = 0;
		};
/* End PBXResourcesBuildPhase section */

/* Begin PBXSourcesBuildPhase section */
		322C36EA1DB84E5F00F1CB6F /* Sources */ = {
			isa = PBXSourcesBuildPhase;
			buildActionMask = 2147483647;
			files = (
				322C36F41DB84E5F00F1CB6F /* ViewController.swift in Sources */,
				322C37091DB8540000F1CB6F /* TableViewController.swift in Sources */,
				322C36F21DB84E5F00F1CB6F /* AppDelegate.swift in Sources */,
			);
			runOnlyForDeploymentPostprocessing = 0;
		};
/* End PBXSourcesBuildPhase section */

/* Begin PBXVariantGroup section */
		322C36F51DB84E5F00F1CB6F /* Main.storyboard */ = {
			isa = PBXVariantGroup;
			children = (
				322C36F61DB84E5F00F1CB6F /* Base */,
			);
			name = Main.storyboard;
			sourceTree = "<group>";
		};
		322C36FA1DB84E5F00F1CB6F /* LaunchScreen.storyboard */ = {
			isa = PBXVariantGroup;
			children = (
				322C36FB1DB84E5F00F1CB6F /* Base */,
			);
			name = LaunchScreen.storyboard;
			sourceTree = "<group>";
		};
/* End PBXVariantGroup section */

/* Begin XCBuildConfiguration section */
		322C36FE1DB84E5F00F1CB6F /* Debug */ = {
			isa = XCBuildConfiguration;
			buildSettings = {
				ALWAYS_SEARCH_USER_PATHS = NO;
				CLANG_ANALYZER_NONNULL = YES;
				CLANG_CXX_LANGUAGE_STANDARD = "gnu++0x";
				CLANG_CXX_LIBRARY = "libc++";
				CLANG_ENABLE_MODULES = YES;
				CLANG_ENABLE_OBJC_ARC = YES;
				CLANG_WARN_BOOL_CONVERSION = YES;
				CLANG_WARN_CONSTANT_CONVERSION = YES;
				CLANG_WARN_DIRECT_OBJC_ISA_USAGE = YES_ERROR;
				CLANG_WARN_DOCUMENTATION_COMMENTS = YES;
				CLANG_WARN_EMPTY_BODY = YES;
				CLANG_WARN_ENUM_CONVERSION = YES;
				CLANG_WARN_INFINITE_RECURSION = YES;
				CLANG_WARN_INT_CONVERSION = YES;
				CLANG_WARN_OBJC_ROOT_CLASS = YES_ERROR;
				CLANG_WARN_SUSPICIOUS_MOVES = YES;
				CLANG_WARN_UNREACHABLE_CODE = YES;
				CLANG_WARN__DUPLICATE_METHOD_MATCH = YES;
				"CODE_SIGN_IDENTITY[sdk=iphoneos*]" = "iPhone Developer";
				COPY_PHASE_STRIP = NO;
				DEBUG_INFORMATION_FORMAT = dwarf;
				ENABLE_STRICT_OBJC_MSGSEND = YES;
				ENABLE_TESTABILITY = YES;
				GCC_C_LANGUAGE_STANDARD = gnu99;
				GCC_DYNAMIC_NO_PIC = NO;
				GCC_NO_COMMON_BLOCKS = YES;
				GCC_OPTIMIZATION_LEVEL = 0;
				GCC_PREPROCESSOR_DEFINITIONS = (
					"DEBUG=1",
					"$(inherited)",
				);
				GCC_WARN_64_TO_32_BIT_CONVERSION = YES;
				GCC_WARN_ABOUT_RETURN_TYPE = YES_ERROR;
				GCC_WARN_UNDECLARED_SELECTOR = YES;
				GCC_WARN_UNINITIALIZED_AUTOS = YES_AGGRESSIVE;
				GCC_WARN_UNUSED_FUNCTION = YES;
				GCC_WARN_UNUSED_VARIABLE = YES;
				IPHONEOS_DEPLOYMENT_TARGET = 10.0;
				MTL_ENABLE_DEBUG_INFO = YES;
				ONLY_ACTIVE_ARCH = YES;
				SDKROOT = iphoneos;
				SWIFT_ACTIVE_COMPILATION_CONDITIONS = DEBUG;
				SWIFT_OPTIMIZATION_LEVEL = "-Onone";
			};
			name = Debug;
		};
		322C36FF1DB84E5F00F1CB6F /* Release */ = {
			isa = XCBuildConfiguration;
			buildSettings = {
				ALWAYS_SEARCH_USER_PATHS = NO;
				CLANG_ANALYZER_NONNULL = YES;
				CLANG_CXX_LANGUAGE_STANDARD = "gnu++0x";
				CLANG_CXX_LIBRARY = "libc++";
				CLANG_ENABLE_MODULES = YES;
				CLANG_ENABLE_OBJC_ARC = YES;
				CLANG_WARN_BOOL_CONVERSION = YES;
				CLANG_WARN_CONSTANT_CONVERSION = YES;
				CLANG_WARN_DIRECT_OBJC_ISA_USAGE = YES_ERROR;
				CLANG_WARN_DOCUMENTATION_COMMENTS = YES;
				CLANG_WARN_EMPTY_BODY = YES;
				CLANG_WARN_ENUM_CONVERSION = YES;
				CLANG_WARN_INFINITE_RECURSION = YES;
				CLANG_WARN_INT_CONVERSION = YES;
				CLANG_WARN_OBJC_ROOT_CLASS = YES_ERROR;
				CLANG_WARN_SUSPICIOUS_MOVES = YES;
				CLANG_WARN_UNREACHABLE_CODE = YES;
				CLANG_WARN__DUPLICATE_METHOD_MATCH = YES;
				"CODE_SIGN_IDENTITY[sdk=iphoneos*]" = "iPhone Developer";
				COPY_PHASE_STRIP = NO;
				DEBUG_INFORMATION_FORMAT = "dwarf-with-dsym";
				ENABLE_NS_ASSERTIONS = NO;
				ENABLE_STRICT_OBJC_MSGSEND = YES;
				GCC_C_LANGUAGE_STANDARD = gnu99;
				GCC_NO_COMMON_BLOCKS = YES;
				GCC_WARN_64_TO_32_BIT_CONVERSION = YES;
				GCC_WARN_ABOUT_RETURN_TYPE = YES_ERROR;
				GCC_WARN_UNDECLARED_SELECTOR = YES;
				GCC_WARN_UNINITIALIZED_AUTOS = YES_AGGRESSIVE;
				GCC_WARN_UNUSED_FUNCTION = YES;
				GCC_WARN_UNUSED_VARIABLE = YES;
				IPHONEOS_DEPLOYMENT_TARGET = 10.0;
				MTL_ENABLE_DEBUG_INFO = NO;
				SDKROOT = iphoneos;
				SWIFT_OPTIMIZATION_LEVEL = "-Owholemodule";
				VALIDATE_PRODUCT = YES;
			};
			name = Release;
		};
		322C37011DB84E5F00F1CB6F /* Debug */ = {
			isa = XCBuildConfiguration;
			buildSettings = {
				ASSETCATALOG_COMPILER_APPICON_NAME = AppIcon;
				DEVELOPMENT_TEAM = LPMD2DMU36;
				INFOPLIST_FILE = StaticCellSample/Info.plist;
				LD_RUNPATH_SEARCH_PATHS = "$(inherited) @executable_path/Frameworks";
				PRODUCT_BUNDLE_IDENTIFIER = fm.blunder.StaticCellSample;
				PRODUCT_NAME = "$(TARGET_NAME)";
				SWIFT_VERSION = 3.0;
			};
			name = Debug;
		};
		322C37021DB84E5F00F1CB6F /* Release */ = {
			isa = XCBuildConfiguration;
			buildSettings = {
				ASSETCATALOG_COMPILER_APPICON_NAME = AppIcon;
				DEVELOPMENT_TEAM = LPMD2DMU36;
				INFOPLIST_FILE = StaticCellSample/Info.plist;
				LD_RUNPATH_SEARCH_PATHS = "$(inherited) @executable_path/Frameworks";
				PRODUCT_BUNDLE_IDENTIFIER = fm.blunder.StaticCellSample;
				PRODUCT_NAME = "$(TARGET_NAME)";
				SWIFT_VERSION = 3.0;
			};
			name = Release;
		};
/* End XCBuildConfiguration section */

/* Begin XCConfigurationList section */
		322C36E91DB84E5F00F1CB6F /* Build configuration list for PBXProject "StaticCellSample" */ = {
			isa = XCConfigurationList;
			buildConfigurations = (
				322C36FE1DB84E5F00F1CB6F /* Debug */,
				322C36FF1DB84E5F00F1CB6F /* Release */,
			);
			defaultConfigurationIsVisible = 0;
			defaultConfigurationName = Release;
		};
		322C37001DB84E5F00F1CB6F /* Build configuration list for PBXNativeTarget "StaticCellSample" */ = {
			isa = XCConfigurationList;
			buildConfigurations = (
				322C37011DB84E5F00F1CB6F /* Debug */,
				322C37021DB84E5F00F1CB6F /* Release */,
			);
			defaultConfigurationIsVisible = 0;
		};
/* End XCConfigurationList section */
	};
	rootObject = 322C36E61DB84E5F00F1CB6F /* Project object */;
}
